
Microsoft Visual Studio Solution File, Format Version 12.00
# Visual Studio 15
VisualStudioVersion = 15.0.27703.2042
MinimumVisualStudioVersion = 10.0.40219.1
Project("{FAE04EC0-301F-11D3-BF4B-00C04F79EFBC}") = "CreateAnotherDomain", "CreateAnotherDomain\CreateAnotherDomain.csproj", "{F25A4C91-4841-4186-9385-C768732DBFF5}"
EndProject
Global
	GlobalSection(SolutionConfigurationPlatforms) = preSolution
		Debug|Any CPU = Debug|Any CPU
		Release|Any CPU = Release|Any CPU
	EndGlobalSection
	GlobalSection(ProjectConfigurationPlatforms) = postSolution
		{F25A4C91-4841-4186-9385-C768732DBFF5}.Debug|Any CPU.ActiveCfg = Debug|Any CPU
		{F25A4C91-4841-4186-9385-C768732DBFF5}.Debug|Any CPU.Build.0 = Debug|Any CPU
		{F25A4C91-4841-4186-9385-C768732DBFF5}.Release|Any CPU.ActiveCfg = Release|Any CPU
		{F25A4C91-4841-4186-9385-C768732DBFF5}.Release|Any CPU.Build.0 = Release|Any CPU
	EndGlobalSection
	GlobalSection(SolutionProperties) = preSolution
		HideSolutionNode = FALSE
	EndGlobalSection
	GlobalSection(ExtensibilityGlobals) = postSolution
		SolutionGuid = {D37F93F1-77D8-41CD-ACF0-1A49AD77C557}
	EndGlobalSection
EndGlobal
